
Microsoft Visual Studio Solution File, Format Version 12.00
# Visual Studio Version 17
VisualStudioVersion = 17.14.36518.9 d17.14
MinimumVisualStudioVersion = 10.0.40219.1
Project("{FAE04EC0-301F-11D3-BF4B-00C04F79EFBC}") = "SignalRProject", "SignalRProject\SignalRProject.csproj", "{D06C3F38-7F93-4138-821E-5EBA866FD2F2}"
EndProject
Project("{FAE04EC0-301F-11D3-BF4B-00C04F79EFBC}") = "clientPlayer", "clientPlayer\clientPlayer.csproj", "{BE06F6E7-3890-49B4-B44A-9DB56AF3BCCC}"
EndProject
Global
	GlobalSection(SolutionConfigurationPlatforms) = preSolution
		Debug|Any CPU = Debug|Any CPU
		Release|Any CPU = Release|Any CPU
	EndGlobalSection
	GlobalSection(ProjectConfigurationPlatforms) = postSolution
		{D06C3F38-7F93-4138-821E-5EBA866FD2F2}.Debug|Any CPU.ActiveCfg = Debug|Any CPU
		{D06C3F38-7F93-4138-821E-5EBA866FD2F2}.Debug|Any CPU.Build.0 = Debug|Any CPU
		{D06C3F38-7F93-4138-821E-5EBA866FD2F2}.Release|Any CPU.ActiveCfg = Release|Any CPU
		{D06C3F38-7F93-4138-821E-5EBA866FD2F2}.Release|Any CPU.Build.0 = Release|Any CPU
		{BE06F6E7-3890-49B4-B44A-9DB56AF3BCCC}.Debug|Any CPU.ActiveCfg = Debug|Any CPU
		{BE06F6E7-3890-49B4-B44A-9DB56AF3BCCC}.Debug|Any CPU.Build.0 = Debug|Any CPU
		{BE06F6E7-3890-49B4-B44A-9DB56AF3BCCC}.Release|Any CPU.ActiveCfg = Release|Any CPU
		{BE06F6E7-3890-49B4-B44A-9DB56AF3BCCC}.Release|Any CPU.Build.0 = Release|Any CPU
	EndGlobalSection
	GlobalSection(SolutionProperties) = preSolution
		HideSolutionNode = FALSE
	EndGlobalSection
	GlobalSection(ExtensibilityGlobals) = postSolution
		SolutionGuid = {4D367FC3-FFC8-48A7-BE52-0AD57B3050A9}
	EndGlobalSection
EndGlobal
